
Microsoft Visual Studio Solution File, Format Version 12.00
# Visual Studio Version 17
VisualStudioVersion = 17.13.36105.23
MinimumVisualStudioVersion = 10.0.40219.1
Project("{FAE04EC0-301F-11D3-BF4B-00C04F79EFBC}") = "LocalStack.SNS.API", "LocalStack.SNS.API\LocalStack.SNS.API\LocalStack.SNS.API.csproj", "{4EB01DD1-3885-4461-B3D5-6324B927BE61}"
EndProject
Project("{FAE04EC0-301F-11D3-BF4B-00C04F79EFBC}") = "LocalStack.SQS.API", "LocalStack.SQS.API\LocalStack.SQS.API.csproj", "{8725A694-410A-4369-AD98-E72997F06909}"
EndProject
Project("{E53339B2-1760-4266-BCC7-CA923CBCF16C}") = "docker-compose", "docker-compose.dcproj", "{81DDED9D-158B-E303-5F62-77A2896D2A5A}"
EndProject
Project("{2150E333-8FDC-42A3-9474-1A3956D46DE8}") = "Itens de Solução", "Itens de Solução", "{380A7511-A354-6D7A-0CC0-8FA1F1BA7B6C}"
	ProjectSection(SolutionItems) = preProject
		bootstrap-http.ps1 = bootstrap-http.ps1
		bootstrap.ps1 = bootstrap.ps1
	EndProjectSection
EndProject
Project("{2150E333-8FDC-42A3-9474-1A3956D46DE8}") = "Scripts", "Scripts", "{02EA681E-C7D8-13C7-8484-4AC65E1B71E8}"
	ProjectSection(SolutionItems) = preProject
		01-sns-sqs.ps1 = 01-sns-sqs.ps1
		02-lambda.ps1 = 02-lambda.ps1
		03-apigateway.ps1 = 03-apigateway.ps1
		99-final-log.ps1 = 99-final-log.ps1
	EndProjectSection
EndProject
Global
	GlobalSection(SolutionConfigurationPlatforms) = preSolution
		Debug|Any CPU = Debug|Any CPU
		Release|Any CPU = Release|Any CPU
	EndGlobalSection
	GlobalSection(ProjectConfigurationPlatforms) = postSolution
		{4EB01DD1-3885-4461-B3D5-6324B927BE61}.Debug|Any CPU.ActiveCfg = Debug|Any CPU
		{4EB01DD1-3885-4461-B3D5-6324B927BE61}.Debug|Any CPU.Build.0 = Debug|Any CPU
		{4EB01DD1-3885-4461-B3D5-6324B927BE61}.Release|Any CPU.ActiveCfg = Release|Any CPU
		{4EB01DD1-3885-4461-B3D5-6324B927BE61}.Release|Any CPU.Build.0 = Release|Any CPU
		{8725A694-410A-4369-AD98-E72997F06909}.Debug|Any CPU.ActiveCfg = Debug|Any CPU
		{8725A694-410A-4369-AD98-E72997F06909}.Debug|Any CPU.Build.0 = Debug|Any CPU
		{8725A694-410A-4369-AD98-E72997F06909}.Release|Any CPU.ActiveCfg = Release|Any CPU
		{8725A694-410A-4369-AD98-E72997F06909}.Release|Any CPU.Build.0 = Release|Any CPU
		{81DDED9D-158B-E303-5F62-77A2896D2A5A}.Debug|Any CPU.ActiveCfg = Debug|Any CPU
		{81DDED9D-158B-E303-5F62-77A2896D2A5A}.Debug|Any CPU.Build.0 = Debug|Any CPU
		{81DDED9D-158B-E303-5F62-77A2896D2A5A}.Release|Any CPU.ActiveCfg = Release|Any CPU
		{81DDED9D-158B-E303-5F62-77A2896D2A5A}.Release|Any CPU.Build.0 = Release|Any CPU
	EndGlobalSection
	GlobalSection(SolutionProperties) = preSolution
		HideSolutionNode = FALSE
	EndGlobalSection
	GlobalSection(ExtensibilityGlobals) = postSolution
		SolutionGuid = {FF0F208D-DAD6-466E-8D82-FE1D705AA115}
	EndGlobalSection
EndGlobal
